// !$*UTF8*$!
{
	archiveVersion = 1;
	classes = {
	};
	objectVersion = 46;
	objects = {

/* Begin PBXBuildFile section */
		AA73C47E082631134D8E632E /* Pods_Parstagram.framework in Frameworks */ = {isa = PBXBuildFile; fileRef = 05EC23D793F1065BB2E366E4 /* Pods_Parstagram.framework */; };
		FA48EF7B1C73EDA7006E6FBF /* LoginViewController.swift in Sources */ = {isa = PBXBuildFile; fileRef = FA48EF7A1C73EDA7006E6FBF /* LoginViewController.swift */; };
		FAB997EE1C7AB462003E5AE7 /* MainTabBarController.swift in Sources */ = {isa = PBXBuildFile; fileRef = FAB997ED1C7AB462003E5AE7 /* MainTabBarController.swift */; };
		FAB997F01C7AB5B0003E5AE7 /* ImageCaptureViewController.swift in Sources */ = {isa = PBXBuildFile; fileRef = FAB997EF1C7AB5B0003E5AE7 /* ImageCaptureViewController.swift */; };
		FAEFD5321C7A4FF100AD9206 /* HomeViewController.swift in Sources */ = {isa = PBXBuildFile; fileRef = FAEFD5311C7A4FF100AD9206 /* HomeViewController.swift */; };
		FAEFD5341C7A574200AD9206 /* SignUpViewController.swift in Sources */ = {isa = PBXBuildFile; fileRef = FAEFD5331C7A574200AD9206 /* SignUpViewController.swift */; };
		FAEFD5381C7A686600AD9206 /* MediaTableViewCell.swift in Sources */ = {isa = PBXBuildFile; fileRef = FAEFD5371C7A686600AD9206 /* MediaTableViewCell.swift */; };
		FAEFD53A1C7A6F9500AD9206 /* UserMedia.swift in Sources */ = {isa = PBXBuildFile; fileRef = FAEFD5391C7A6F9500AD9206 /* UserMedia.swift */; };
		FAF548F31C73E85C0085456E /* AppDelegate.swift in Sources */ = {isa = PBXBuildFile; fileRef = FAF548F21C73E85C0085456E /* AppDelegate.swift */; };
		FAF548F81C73E85C0085456E /* Main.storyboard in Resources */ = {isa = PBXBuildFile; fileRef = FAF548F61C73E85C0085456E /* Main.storyboard */; };
		FAF548FB1C73E85C0085456E /* Parstagram.xcdatamodeld in Sources */ = {isa = PBXBuildFile; fileRef = FAF548F91C73E85C0085456E /* Parstagram.xcdatamodeld */; };
		FAF548FD1C73E85C0085456E /* Assets.xcassets in Resources */ = {isa = PBXBuildFile; fileRef = FAF548FC1C73E85C0085456E /* Assets.xcassets */; };
		FAF549001C73E85C0085456E /* LaunchScreen.storyboard in Resources */ = {isa = PBXBuildFile; fileRef = FAF548FE1C73E85C0085456E /* LaunchScreen.storyboard */; };
/* End PBXBuildFile section */

/* Begin PBXFileReference section */
		05EC23D793F1065BB2E366E4 /* Pods_Parstagram.framework */ = {isa = PBXFileReference; explicitFileType = wrapper.framework; includeInIndex = 0; path = Pods_Parstagram.framework; sourceTree = BUILT_PRODUCTS_DIR; };
		3C3629B447D01EB345F0D5F2 /* Pods-Parstagram.release.xcconfig */ = {isa = PBXFileReference; includeInIndex = 1; lastKnownFileType = text.xcconfig; name = "Pods-Parstagram.release.xcconfig"; path = "Pods/Target Support Files/Pods-Parstagram/Pods-Parstagram.release.xcconfig"; sourceTree = "<group>"; };
		AB96F455F5E3835BA2C18F2F /* Pods-Parstagram.debug.xcconfig */ = {isa = PBXFileReference; includeInIndex = 1; lastKnownFileType = text.xcconfig; name = "Pods-Parstagram.debug.xcconfig"; path = "Pods/Target Support Files/Pods-Parstagram/Pods-Parstagram.debug.xcconfig"; sourceTree = "<group>"; };
		FA48EF7A1C73EDA7006E6FBF /* LoginViewController.swift */ = {isa = PBXFileReference; fileEncoding = 4; lastKnownFileType = sourcecode.swift; path = LoginViewController.swift; sourceTree = "<group>"; };
		FAB997ED1C7AB462003E5AE7 /* MainTabBarController.swift */ = {isa = PBXFileReference; fileEncoding = 4; lastKnownFileType = sourcecode.swift; path = MainTabBarController.swift; sourceTree = "<group>"; };
		FAB997EF1C7AB5B0003E5AE7 /* ImageCaptureViewController.swift */ = {isa = PBXFileReference; fileEncoding = 4; lastKnownFileType = sourcecode.swift; path = ImageCaptureViewController.swift; sourceTree = "<group>"; };
		FAEFD5311C7A4FF100AD9206 /* HomeViewController.swift */ = {isa = PBXFileReference; fileEncoding = 4; lastKnownFileType = sourcecode.swift; path = HomeViewController.swift; sourceTree = "<group>"; };
		FAEFD5331C7A574200AD9206 /* SignUpViewController.swift */ = {isa = PBXFileReference; fileEncoding = 4; lastKnownFileType = sourcecode.swift; path = SignUpViewController.swift; sourceTree = "<group>"; };
		FAEFD5371C7A686600AD9206 /* MediaTableViewCell.swift */ = {isa = PBXFileReference; fileEncoding = 4; lastKnownFileType = sourcecode.swift; path = MediaTableViewCell.swift; sourceTree = "<group>"; };
		FAEFD5391C7A6F9500AD9206 /* UserMedia.swift */ = {isa = PBXFileReference; fileEncoding = 4; lastKnownFileType = sourcecode.swift; path = UserMedia.swift; sourceTree = "<group>"; };
		FAF548EF1C73E85C0085456E /* Parstagram.app */ = {isa = PBXFileReference; explicitFileType = wrapper.application; includeInIndex = 0; path = Parstagram.app; sourceTree = BUILT_PRODUCTS_DIR; };
		FAF548F21C73E85C0085456E /* AppDelegate.swift */ = {isa = PBXFileReference; lastKnownFileType = sourcecode.swift; path = AppDelegate.swift; sourceTree = "<group>"; };
		FAF548F71C73E85C0085456E /* Base */ = {isa = PBXFileReference; lastKnownFileType = file.storyboard; name = Base; path = Base.lproj/Main.storyboard; sourceTree = "<group>"; };
		FAF548FA1C73E85C0085456E /* Parstagram.xcdatamodel */ = {isa = PBXFileReference; lastKnownFileType = wrapper.xcdatamodel; path = Parstagram.xcdatamodel; sourceTree = "<group>"; };
		FAF548FC1C73E85C0085456E /* Assets.xcassets */ = {isa = PBXFileReference; lastKnownFileType = folder.assetcatalog; path = Assets.xcassets; sourceTree = "<group>"; };
		FAF548FF1C73E85C0085456E /* Base */ = {isa = PBXFileReference; lastKnownFileType = file.storyboard; name = Base; path = Base.lproj/LaunchScreen.storyboard; sourceTree = "<group>"; };
		FAF549011C73E85C0085456E /* Info.plist */ = {isa = PBXFileReference; lastKnownFileType = text.plist.xml; path = Info.plist; sourceTree = "<group>"; };
/* End PBXFileReference section */

/* Begin PBXFrameworksBuildPhase section */
		FAF548EC1C73E85C0085456E /* Frameworks */ = {
			isa = PBXFrameworksBuildPhase;
			buildActionMask = 2147483647;
			files = (
				AA73C47E082631134D8E632E /* Pods_Parstagram.framework in Frameworks */,
			);
			runOnlyForDeploymentPostprocessing = 0;
		};
/* End PBXFrameworksBuildPhase section */

/* Begin PBXGroup section */
		442D4664F169D6388DD2824C /* Frameworks */ = {
			isa = PBXGroup;
			children = (
				05EC23D793F1065BB2E366E4 /* Pods_Parstagram.framework */,
			);
			name = Frameworks;
			sourceTree = "<group>";
		};
		A8505F30ECE7F47D3F7EC51F /* Pods */ = {
			isa = PBXGroup;
			children = (
				AB96F455F5E3835BA2C18F2F /* Pods-Parstagram.debug.xcconfig */,
				3C3629B447D01EB345F0D5F2 /* Pods-Parstagram.release.xcconfig */,
			);
			name = Pods;
			sourceTree = "<group>";
		};
		FA48EF781C73ED84006E6FBF /* ViewControllers */ = {
			isa = PBXGroup;
			children = (
				FA48EF7A1C73EDA7006E6FBF /* LoginViewController.swift */,
				FAEFD5311C7A4FF100AD9206 /* HomeViewController.swift */,
				FAEFD5331C7A574200AD9206 /* SignUpViewController.swift */,
				FAB997ED1C7AB462003E5AE7 /* MainTabBarController.swift */,
				FAB997EF1C7AB5B0003E5AE7 /* ImageCaptureViewController.swift */,
			);
			name = ViewControllers;
			sourceTree = "<group>";
		};
		FA48EF791C73ED8C006E6FBF /* Views */ = {
			isa = PBXGroup;
			children = (
				FAEFD5371C7A686600AD9206 /* MediaTableViewCell.swift */,
			);
			name = Views;
			sourceTree = "<group>";
		};
		FAEFD5281C7A4D2F00AD9206 /* Objects */ = {
			isa = PBXGroup;
			children = (
				FAEFD5391C7A6F9500AD9206 /* UserMedia.swift */,
			);
			name = Objects;
			sourceTree = "<group>";
		};
		FAF548E61C73E85C0085456E = {
			isa = PBXGroup;
			children = (
				FAF548F11C73E85C0085456E /* Parstagram */,
				FAF548F01C73E85C0085456E /* Products */,
				A8505F30ECE7F47D3F7EC51F /* Pods */,
				442D4664F169D6388DD2824C /* Frameworks */,
			);
			sourceTree = "<group>";
		};
		FAF548F01C73E85C0085456E /* Products */ = {
			isa = PBXGroup;
			children = (
				FAF548EF1C73E85C0085456E /* Parstagram.app */,
			);
			name = Products;
			sourceTree = "<group>";
		};
		FAF548F11C73E85C0085456E /* Parstagram */ = {
			isa = PBXGroup;
			children = (
				FAEFD5281C7A4D2F00AD9206 /* Objects */,
				FA48EF791C73ED8C006E6FBF /* Views */,
				FA48EF781C73ED84006E6FBF /* ViewControllers */,
				FAF548F21C73E85C0085456E /* AppDelegate.swift */,
				FAF548F61C73E85C0085456E /* Main.storyboard */,
				FAF548FC1C73E85C0085456E /* Assets.xcassets */,
				FAF548FE1C73E85C0085456E /* LaunchScreen.storyboard */,
				FAF549011C73E85C0085456E /* Info.plist */,
				FAF548F91C73E85C0085456E /* Parstagram.xcdatamodeld */,
			);
			path = Parstagram;
			sourceTree = "<group>";
		};
/* End PBXGroup section */

/* Begin PBXNativeTarget section */
		FAF548EE1C73E85C0085456E /* Parstagram */ = {
			isa = PBXNativeTarget;
			buildConfigurationList = FAF549041C73E85C0085456E /* Build configuration list for PBXNativeTarget "Parstagram" */;
			buildPhases = (
				91BC7AA0AE5813662BB6006D /* Check Pods Manifest.lock */,
				FAF548EB1C73E85C0085456E /* Sources */,
				FAF548EC1C73E85C0085456E /* Frameworks */,
				FAF548ED1C73E85C0085456E /* Resources */,
				64A884BB515D915B9777BB32 /* Embed Pods Frameworks */,
				4FA1C53F3F4222DAEB092BDC /* Copy Pods Resources */,
			);
			buildRules = (
			);
			dependencies = (
			);
			name = Parstagram;
			productName = Parstagram;
			productReference = FAF548EF1C73E85C0085456E /* Parstagram.app */;
			productType = "com.apple.product-type.application";
		};
/* End PBXNativeTarget section */

/* Begin PBXProject section */
		FAF548E71C73E85C0085456E /* Project object */ = {
			isa = PBXProject;
			attributes = {
				LastSwiftUpdateCheck = 0720;
				LastUpgradeCheck = 0720;
				ORGANIZATIONNAME = "R. Alex Clark";
				TargetAttributes = {
					FAF548EE1C73E85C0085456E = {
						CreatedOnToolsVersion = 7.2.1;
					};
				};
			};
			buildConfigurationList = FAF548EA1C73E85C0085456E /* Build configuration list for PBXProject "Parstagram" */;
			compatibilityVersion = "Xcode 3.2";
			developmentRegion = English;
			hasScannedForEncodings = 0;
			knownRegions = (
				en,
				Base,
			);
			mainGroup = FAF548E61C73E85C0085456E;
			productRefGroup = FAF548F01C73E85C0085456E /* Products */;
			projectDirPath = "";
			projectRoot = "";
			targets = (
				FAF548EE1C73E85C0085456E /* Parstagram */,
			);
		};
/* End PBXProject section */

/* Begin PBXResourcesBuildPhase section */
		FAF548ED1C73E85C0085456E /* Resources */ = {
			isa = PBXResourcesBuildPhase;
			buildActionMask = 2147483647;
			files = (
				FAF549001C73E85C0085456E /* LaunchScreen.storyboard in Resources */,
				FAF548FD1C73E85C0085456E /* Assets.xcassets in Resources */,
				FAF548F81C73E85C0085456E /* Main.storyboard in Resources */,
			);
			runOnlyForDeploymentPostprocessing = 0;
		};
/* End PBXResourcesBuildPhase section */

/* Begin PBXShellScriptBuildPhase section */
		4FA1C53F3F4222DAEB092BDC /* Copy Pods Resources */ = {
			isa = PBXShellScriptBuildPhase;
			buildActionMask = 2147483647;
			files = (
			);
			inputPaths = (
			);
			name = "Copy Pods Resources";
			outputPaths = (
			);
			runOnlyForDeploymentPostprocessing = 0;
			shellPath = /bin/sh;
			shellScript = "\"${SRCROOT}/Pods/Target Support Files/Pods-Parstagram/Pods-Parstagram-resources.sh\"\n";
			showEnvVarsInLog = 0;
		};
		64A884BB515D915B9777BB32 /* Embed Pods Frameworks */ = {
			isa = PBXShellScriptBuildPhase;
			buildActionMask = 2147483647;
			files = (
			);
			inputPaths = (
			);
			name = "Embed Pods Frameworks";
			outputPaths = (
			);
			runOnlyForDeploymentPostprocessing = 0;
			shellPath = /bin/sh;
			shellScript = "\"${SRCROOT}/Pods/Target Support Files/Pods-Parstagram/Pods-Parstagram-frameworks.sh\"\n";
			showEnvVarsInLog = 0;
		};
		91BC7AA0AE5813662BB6006D /* Check Pods Manifest.lock */ = {
			isa = PBXShellScriptBuildPhase;
			buildActionMask = 2147483647;
			files = (
			);
			inputPaths = (
			);
			name = "Check Pods Manifest.lock";
			outputPaths = (
			);
			runOnlyForDeploymentPostprocessing = 0;
			shellPath = /bin/sh;
			shellScript = "diff \"${PODS_ROOT}/../Podfile.lock\" \"${PODS_ROOT}/Manifest.lock\" > /dev/null\nif [[ $? != 0 ]] ; then\n    cat << EOM\nerror: The sandbox is not in sync with the Podfile.lock. Run 'pod install' or update your CocoaPods installation.\nEOM\n    exit 1\nfi\n";
			showEnvVarsInLog = 0;
		};
/* End PBXShellScriptBuildPhase section */

/* Begin PBXSourcesBuildPhase section */
		FAF548EB1C73E85C0085456E /* Sources */ = {
			isa = PBXSourcesBuildPhase;
			buildActionMask = 2147483647;
			files = (
				FAB997F01C7AB5B0003E5AE7 /* ImageCaptureViewController.swift in Sources */,
				FAEFD5341C7A574200AD9206 /* SignUpViewController.swift in Sources */,
				FAEFD5321C7A4FF100AD9206 /* HomeViewController.swift in Sources */,
				FAB997EE1C7AB462003E5AE7 /* MainTabBarController.swift in Sources */,
				FA48EF7B1C73EDA7006E6FBF /* LoginViewController.swift in Sources */,
				FAF548F31C73E85C0085456E /* AppDelegate.swift in Sources */,
				FAEFD5381C7A686600AD9206 /* MediaTableViewCell.swift in Sources */,
				FAF548FB1C73E85C0085456E /* Parstagram.xcdatamodeld in Sources */,
				FAEFD53A1C7A6F9500AD9206 /* UserMedia.swift in Sources */,
			);
			runOnlyForDeploymentPostprocessing = 0;
		};
/* End PBXSourcesBuildPhase section */

/* Begin PBXVariantGroup section */
		FAF548F61C73E85C0085456E /* Main.storyboard */ = {
			isa = PBXVariantGroup;
			children = (
				FAF548F71C73E85C0085456E /* Base */,
			);
			name = Main.storyboard;
			sourceTree = "<group>";
		};
		FAF548FE1C73E85C0085456E /* LaunchScreen.storyboard */ = {
			isa = PBXVariantGroup;
			children = (
				FAF548FF1C73E85C0085456E /* Base */,
			);
			name = LaunchScreen.storyboard;
			sourceTree = "<group>";
		};
/* End PBXVariantGroup section */

/* Begin XCBuildConfiguration section */
		FAF549021C73E85C0085456E /* Debug */ = {
			isa = XCBuildConfiguration;
			buildSettings = {
				ALWAYS_SEARCH_USER_PATHS = NO;
				CLANG_CXX_LANGUAGE_STANDARD = "gnu++0x";
				CLANG_CXX_LIBRARY = "libc++";
				CLANG_ENABLE_MODULES = YES;
				CLANG_ENABLE_OBJC_ARC = YES;
				CLANG_WARN_BOOL_CONVERSION = YES;
				CLANG_WARN_CONSTANT_CONVERSION = YES;
				CLANG_WARN_DIRECT_OBJC_ISA_USAGE = YES_ERROR;
				CLANG_WARN_EMPTY_BODY = YES;
				CLANG_WARN_ENUM_CONVERSION = YES;
				CLANG_WARN_INT_CONVERSION = YES;
				CLANG_WARN_OBJC_ROOT_CLASS = YES_ERROR;
				CLANG_WARN_UNREACHABLE_CODE = YES;
				CLANG_WARN__DUPLICATE_METHOD_MATCH = YES;
				"CODE_SIGN_IDENTITY[sdk=iphoneos*]" = "iPhone Developer";
				COPY_PHASE_STRIP = NO;
				DEBUG_INFORMATION_FORMAT = dwarf;
				ENABLE_STRICT_OBJC_MSGSEND = YES;
				ENABLE_TESTABILITY = YES;
				GCC_C_LANGUAGE_STANDARD = gnu99;
				GCC_DYNAMIC_NO_PIC = NO;
				GCC_NO_COMMON_BLOCKS = YES;
				GCC_OPTIMIZATION_LEVEL = 0;
				GCC_PREPROCESSOR_DEFINITIONS = (
					"DEBUG=1",
					"$(inherited)",
				);
				GCC_WARN_64_TO_32_BIT_CONVERSION = YES;
				GCC_WARN_ABOUT_RETURN_TYPE = YES_ERROR;
				GCC_WARN_UNDECLARED_SELECTOR = YES;
				GCC_WARN_UNINITIALIZED_AUTOS = YES_AGGRESSIVE;
				GCC_WARN_UNUSED_FUNCTION = YES;
				GCC_WARN_UNUSED_VARIABLE = YES;
				IPHONEOS_DEPLOYMENT_TARGET = 9.2;
				MTL_ENABLE_DEBUG_INFO = YES;
				ONLY_ACTIVE_ARCH = YES;
				SDKROOT = iphoneos;
				SWIFT_OPTIMIZATION_LEVEL = "-Onone";
			};
			name = Debug;
		};
		FAF549031C73E85C0085456E /* Release */ = {
			isa = XCBuildConfiguration;
			buildSettings = {
				ALWAYS_SEARCH_USER_PATHS = NO;
				CLANG_CXX_LANGUAGE_STANDARD = "gnu++0x";
				CLANG_CXX_LIBRARY = "libc++";
				CLANG_ENABLE_MODULES = YES;
				CLANG_ENABLE_OBJC_ARC = YES;
				CLANG_WARN_BOOL_CONVERSION = YES;
				CLANG_WARN_CONSTANT_CONVERSION = YES;
				CLANG_WARN_DIRECT_OBJC_ISA_USAGE = YES_ERROR;
				CLANG_WARN_EMPTY_BODY = YES;
				CLANG_WARN_ENUM_CONVERSION = YES;
				CLANG_WARN_INT_CONVERSION = YES;
				CLANG_WARN_OBJC_ROOT_CLASS = YES_ERROR;
				CLANG_WARN_UNREACHABLE_CODE = YES;
				CLANG_WARN__DUPLICATE_METHOD_MATCH = YES;
				"CODE_SIGN_IDENTITY[sdk=iphoneos*]" = "iPhone Developer";
				COPY_PHASE_STRIP = NO;
				DEBUG_INFORMATION_FORMAT = "dwarf-with-dsym";
				ENABLE_NS_ASSERTIONS = NO;
				ENABLE_STRICT_OBJC_MSGSEND = YES;
				GCC_C_LANGUAGE_STANDARD = gnu99;
				GCC_NO_COMMON_BLOCKS = YES;
				GCC_WARN_64_TO_32_BIT_CONVERSION = YES;
				GCC_WARN_ABOUT_RETURN_TYPE = YES_ERROR;
				GCC_WARN_UNDECLARED_SELECTOR = YES;
				GCC_WARN_UNINITIALIZED_AUTOS = YES_AGGRESSIVE;
				GCC_WARN_UNUSED_FUNCTION = YES;
				GCC_WARN_UNUSED_VARIABLE = YES;
				IPHONEOS_DEPLOYMENT_TARGET = 9.2;
				MTL_ENABLE_DEBUG_INFO = NO;
				SDKROOT = iphoneos;
				VALIDATE_PRODUCT = YES;
			};
			name = Release;
		};
		FAF549051C73E85C0085456E /* Debug */ = {
			isa = XCBuildConfiguration;
			baseConfigurationReference = AB96F455F5E3835BA2C18F2F /* Pods-Parstagram.debug.xcconfig */;
			buildSettings = {
				ASSETCATALOG_COMPILER_APPICON_NAME = AppIcon;
				INFOPLIST_FILE = Parstagram/Info.plist;
				LD_RUNPATH_SEARCH_PATHS = "$(inherited) @executable_path/Frameworks";
				PRODUCT_BUNDLE_IDENTIFIER = com.AlexClark.Parstagram;
				PRODUCT_NAME = "$(TARGET_NAME)";
			};
			name = Debug;
		};
		FAF549061C73E85C0085456E /* Release */ = {
			isa = XCBuildConfiguration;
			baseConfigurationReference = 3C3629B447D01EB345F0D5F2 /* Pods-Parstagram.release.xcconfig */;
			buildSettings = {
				ASSETCATALOG_COMPILER_APPICON_NAME = AppIcon;
				INFOPLIST_FILE = Parstagram/Info.plist;
				LD_RUNPATH_SEARCH_PATHS = "$(inherited) @executable_path/Frameworks";
				PRODUCT_BUNDLE_IDENTIFIER = com.AlexClark.Parstagram;
				PRODUCT_NAME = "$(TARGET_NAME)";
			};
			name = Release;
		};
/* End XCBuildConfiguration section */

/* Begin XCConfigurationList section */
		FAF548EA1C73E85C0085456E /* Build configuration list for PBXProject "Parstagram" */ = {
			isa = XCConfigurationList;
			buildConfigurations = (
				FAF549021C73E85C0085456E /* Debug */,
				FAF549031C73E85C0085456E /* Release */,
			);
			defaultConfigurationIsVisible = 0;
			defaultConfigurationName = Release;
		};
		FAF549041C73E85C0085456E /* Build configuration list for PBXNativeTarget "Parstagram" */ = {
			isa = XCConfigurationList;
			buildConfigurations = (
				FAF549051C73E85C0085456E /* Debug */,
				FAF549061C73E85C0085456E /* Release */,
			);
			defaultConfigurationIsVisible = 0;
			defaultConfigurationName = Release;
		};
/* End XCConfigurationList section */

/* Begin XCVersionGroup section */
		FAF548F91C73E85C0085456E /* Parstagram.xcdatamodeld */ = {
			isa = XCVersionGroup;
			children = (
				FAF548FA1C73E85C0085456E /* Parstagram.xcdatamodel */,
			);
			currentVersion = FAF548FA1C73E85C0085456E /* Parstagram.xcdatamodel */;
			path = Parstagram.xcdatamodeld;
			sourceTree = "<group>";
			versionGroupType = wrapper.xcdatamodel;
		};
/* End XCVersionGroup section */
	};
	rootObject = FAF548E71C73E85C0085456E /* Project object */;
}
